
Microsoft Visual Studio Solution File, Format Version 12.00
# Visual Studio 2012
Project("{FAE04EC0-301F-11D3-BF4B-00C04F79EFBC}") = "NineManMorrisSolver", "NineManMorrisSolver\NineManMorrisSolver.csproj", "{57F67014-5D37-4F37-9817-C0A9DCF87536}"
EndProject
Project("{FAE04EC0-301F-11D3-BF4B-00C04F79EFBC}") = "NineManMorrisSolver_Test", "NineManMorrisSolver_Test\NineManMorrisSolver_Test.csproj", "{C7A934DB-A526-4CC0-A3D6-7DD2D84DC104}"
EndProject
Project("{FAE04EC0-301F-11D3-BF4B-00C04F79EFBC}") = "NineManMorrisSolver_ConsoleTest", "NineManMorrisSolver_ConsoleTest\NineManMorrisSolver_ConsoleTest.csproj", "{5D6E7958-3738-4CB9-B2D0-AA490C645FB3}"
EndProject
Global
	GlobalSection(SolutionConfigurationPlatforms) = preSolution
		Debug|Any CPU = Debug|Any CPU
		Release|Any CPU = Release|Any CPU
	EndGlobalSection
	GlobalSection(ProjectConfigurationPlatforms) = postSolution
		{57F67014-5D37-4F37-9817-C0A9DCF87536}.Debug|Any CPU.ActiveCfg = Debug|Any CPU
		{57F67014-5D37-4F37-9817-C0A9DCF87536}.Debug|Any CPU.Build.0 = Debug|Any CPU
		{57F67014-5D37-4F37-9817-C0A9DCF87536}.Release|Any CPU.ActiveCfg = Release|Any CPU
		{57F67014-5D37-4F37-9817-C0A9DCF87536}.Release|Any CPU.Build.0 = Release|Any CPU
		{C7A934DB-A526-4CC0-A3D6-7DD2D84DC104}.Debug|Any CPU.ActiveCfg = Debug|Any CPU
		{C7A934DB-A526-4CC0-A3D6-7DD2D84DC104}.Debug|Any CPU.Build.0 = Debug|Any CPU
		{C7A934DB-A526-4CC0-A3D6-7DD2D84DC104}.Release|Any CPU.ActiveCfg = Release|Any CPU
		{C7A934DB-A526-4CC0-A3D6-7DD2D84DC104}.Release|Any CPU.Build.0 = Release|Any CPU
		{5D6E7958-3738-4CB9-B2D0-AA490C645FB3}.Debug|Any CPU.ActiveCfg = Debug|Any CPU
		{5D6E7958-3738-4CB9-B2D0-AA490C645FB3}.Debug|Any CPU.Build.0 = Debug|Any CPU
		{5D6E7958-3738-4CB9-B2D0-AA490C645FB3}.Release|Any CPU.ActiveCfg = Release|Any CPU
		{5D6E7958-3738-4CB9-B2D0-AA490C645FB3}.Release|Any CPU.Build.0 = Release|Any CPU
	EndGlobalSection
EndGlobal
